{
  "name": "termvas",
  "version": "1.0.0",
  "lockfileVersion": 3,
  "requires": true,
  "packages": {
    "": {
      "name": "termvas",
      "version": "1.0.0",
      "license": "GPL-3.0",
      "dependencies": {
        "input-handler": "^1.0.2"
      }
    },
    "node_modules/input-handler": {
      "version": "1.0.2",
      "resolved": "https://registry.npmjs.org/input-handler/-/input-handler-1.0.2.tgz",
      "integrity": "sha512-Jf06QiJbr3Txlh6+8PL+HS8Mywu26GVRXLmoNjStXXw3lmUk6LG5hb0CZwGjy49JrlcRFRQTL3JqmQCl/RzBvw=="
    }
  }
}
